
Microsoft Visual Studio Solution File, Format Version 12.00
# Visual Studio 2013
VisualStudioVersion = 12.0.21005.1
MinimumVisualStudioVersion = 10.0.40219.1
Project("{FAE04EC0-301F-11D3-BF4B-00C04F79EFBC}") = "Node", "Node\Node.csproj", "{EDE94C80-BC0D-4C43-B913-C97AD8CEB704}"
EndProject
Project("{FAE04EC0-301F-11D3-BF4B-00C04F79EFBC}") = "MyLibrary", "MyLibrary\MyLibrary.csproj", "{3EADFF05-60EB-4052-9D41-FAE5817090A6}"
EndProject
Project("{FAE04EC0-301F-11D3-BF4B-00C04F79EFBC}") = "Client", "Client\Client.csproj", "{A1D6F0F7-5F9D-420A-8B1A-69AC9E8C9328}"
EndProject
Global
	GlobalSection(SolutionConfigurationPlatforms) = preSolution
		Debug|Any CPU = Debug|Any CPU
		Release|Any CPU = Release|Any CPU
	EndGlobalSection
	GlobalSection(ProjectConfigurationPlatforms) = postSolution
		{EDE94C80-BC0D-4C43-B913-C97AD8CEB704}.Debug|Any CPU.ActiveCfg = Debug|Any CPU
		{EDE94C80-BC0D-4C43-B913-C97AD8CEB704}.Debug|Any CPU.Build.0 = Debug|Any CPU
		{EDE94C80-BC0D-4C43-B913-C97AD8CEB704}.Release|Any CPU.ActiveCfg = Release|Any CPU
		{EDE94C80-BC0D-4C43-B913-C97AD8CEB704}.Release|Any CPU.Build.0 = Release|Any CPU
		{3EADFF05-60EB-4052-9D41-FAE5817090A6}.Debug|Any CPU.ActiveCfg = Debug|Any CPU
		{3EADFF05-60EB-4052-9D41-FAE5817090A6}.Debug|Any CPU.Build.0 = Debug|Any CPU
		{3EADFF05-60EB-4052-9D41-FAE5817090A6}.Release|Any CPU.ActiveCfg = Release|Any CPU
		{3EADFF05-60EB-4052-9D41-FAE5817090A6}.Release|Any CPU.Build.0 = Release|Any CPU
		{A1D6F0F7-5F9D-420A-8B1A-69AC9E8C9328}.Debug|Any CPU.ActiveCfg = Debug|Any CPU
		{A1D6F0F7-5F9D-420A-8B1A-69AC9E8C9328}.Debug|Any CPU.Build.0 = Debug|Any CPU
		{A1D6F0F7-5F9D-420A-8B1A-69AC9E8C9328}.Release|Any CPU.ActiveCfg = Release|Any CPU
		{A1D6F0F7-5F9D-420A-8B1A-69AC9E8C9328}.Release|Any CPU.Build.0 = Release|Any CPU
	EndGlobalSection
	GlobalSection(SolutionProperties) = preSolution
		HideSolutionNode = FALSE
	EndGlobalSection
EndGlobal
